
Microsoft Visual Studio Solution File, Format Version 12.00
# Visual Studio Version 17
VisualStudioVersion = 17.13.35825.156
MinimumVisualStudioVersion = 10.0.40219.1
Project("{2150E333-8FDC-42A3-9474-1A3956D46DE8}") = "Chapter01", "Chapter01", "{DDB4EF12-CC4E-5E88-E6FC-71A802F4DE97}"
EndProject
Project("{FAE04EC0-301F-11D3-BF4B-00C04F79EFBC}") = "ProductSample", "Chapter01\ProductSample\ProductSample.csproj", "{A28E7936-DDF5-40CF-83F6-FE6C8BD1E45A}"
EndProject
Project("{2150E333-8FDC-42A3-9474-1A3956D46DE8}") = "Chapter02", "Chapter02", "{52CBB1BB-504A-48EE-A1DB-E2B50C37EF71}"
EndProject
Project("{FAE04EC0-301F-11D3-BF4B-00C04F79EFBC}") = "DistanceConverter", "Chapter02\DistanceConverter\DistanceConverter.csproj", "{ECE76DA8-BA31-4BDA-B4FE-3CD855D71609}"
EndProject
Project("{2150E333-8FDC-42A3-9474-1A3956D46DE8}") = "演習問題", "演習問題", "{4E564B76-AFDC-42C1-B199-EE10F7FC0A91}"
EndProject
Project("{FAE04EC0-301F-11D3-BF4B-00C04F79EFBC}") = "Exercise02", "Chapter02\演習問題\Exercise02\Exercise02.csproj", "{59AD8EB5-9A92-4D12-AB4E-AE107B4CB2E4}"
EndProject
Project("{2150E333-8FDC-42A3-9474-1A3956D46DE8}") = "FormApps", "FormApps", "{EFCF3DBD-31F6-4278-8080-A7167BEAF915}"
EndProject
Project("{2150E333-8FDC-42A3-9474-1A3956D46DE8}") = "距離換算プログラム", "距離換算プログラム", "{20CED11B-CC8F-47FD-8480-F7C68C48DD94}"
EndProject
Project("{FAE04EC0-301F-11D3-BF4B-00C04F79EFBC}") = "UnitConverter", "FormApps\UnitConverter\UnitConverter.csproj", "{425EA306-8A34-4C03-BD07-390F960DE359}"
EndProject
Project("{FAE04EC0-301F-11D3-BF4B-00C04F79EFBC}") = "StopWatch", "FormApps\StopWatch\StopWatch.csproj", "{0B3A0999-5B4B-44C9-9060-401DEE10DCBB}"
EndProject
Project("{2150E333-8FDC-42A3-9474-1A3956D46DE8}") = "売上集計プログラム", "売上集計プログラム", "{A39BF418-6887-49FE-9561-66591AABC38D}"
EndProject
Project("{FAE04EC0-301F-11D3-BF4B-00C04F79EFBC}") = "salesCalculator", "Chapter02\salesCalculator\salesCalculator.csproj", "{0D0EAA1C-6FB1-4610-B7C2-D5B0543A4831}"
EndProject
Project("{FAE04EC0-301F-11D3-BF4B-00C04F79EFBC}") = "Exercise01", "Chapter02\演習問題\Exercise01\Exercise01.csproj", "{9454E26C-ED06-4C66-95A6-3714E9AB44FA}"
EndProject
Project("{2150E333-8FDC-42A3-9474-1A3956D46DE8}") = "Chapter03", "Chapter03", "{DBCE65E8-7B82-4084-9393-96212C7DB3C2}"
EndProject
Project("{FAE04EC0-301F-11D3-BF4B-00C04F79EFBC}") = "Section01", "Chapter03\Section01\Section01.csproj", "{8A53935F-6E5E-4D13-AAC1-24111B74B301}"
EndProject
Project("{2150E333-8FDC-42A3-9474-1A3956D46DE8}") = "演習問題", "演習問題", "{8CF89330-C745-4847-9B40-B7602B664C72}"
EndProject
Project("{FAE04EC0-301F-11D3-BF4B-00C04F79EFBC}") = "Exercise02", "Chapter03\演習問題\Exercise02\Exercise02.csproj", "{DEB9C1A6-C1CA-4E9B-A910-87210F25903D}"
EndProject
Project("{FAE04EC0-301F-11D3-BF4B-00C04F79EFBC}") = "Section04", "Chapter03\Section04\Section04\Section04.csproj", "{471B01B1-7851-447D-AF39-67B1B6DED9C5}"
EndProject
Project("{FAE04EC0-301F-11D3-BF4B-00C04F79EFBC}") = "Exercise01", "Chapter03\演習問題\Exercise01\Exercise01.csproj", "{D01586BA-304D-4A3D-8FAC-C1B091EA9763}"
EndProject
Global
	GlobalSection(SolutionConfigurationPlatforms) = preSolution
		Debug|Any CPU = Debug|Any CPU
		Release|Any CPU = Release|Any CPU
	EndGlobalSection
	GlobalSection(ProjectConfigurationPlatforms) = postSolution
		{A28E7936-DDF5-40CF-83F6-FE6C8BD1E45A}.Debug|Any CPU.ActiveCfg = Debug|Any CPU
		{A28E7936-DDF5-40CF-83F6-FE6C8BD1E45A}.Debug|Any CPU.Build.0 = Debug|Any CPU
		{A28E7936-DDF5-40CF-83F6-FE6C8BD1E45A}.Release|Any CPU.ActiveCfg = Release|Any CPU
		{A28E7936-DDF5-40CF-83F6-FE6C8BD1E45A}.Release|Any CPU.Build.0 = Release|Any CPU
		{ECE76DA8-BA31-4BDA-B4FE-3CD855D71609}.Debug|Any CPU.ActiveCfg = Debug|Any CPU
		{ECE76DA8-BA31-4BDA-B4FE-3CD855D71609}.Debug|Any CPU.Build.0 = Debug|Any CPU
		{ECE76DA8-BA31-4BDA-B4FE-3CD855D71609}.Release|Any CPU.ActiveCfg = Release|Any CPU
		{ECE76DA8-BA31-4BDA-B4FE-3CD855D71609}.Release|Any CPU.Build.0 = Release|Any CPU
		{59AD8EB5-9A92-4D12-AB4E-AE107B4CB2E4}.Debug|Any CPU.ActiveCfg = Debug|Any CPU
		{59AD8EB5-9A92-4D12-AB4E-AE107B4CB2E4}.Debug|Any CPU.Build.0 = Debug|Any CPU
		{59AD8EB5-9A92-4D12-AB4E-AE107B4CB2E4}.Release|Any CPU.ActiveCfg = Release|Any CPU
		{59AD8EB5-9A92-4D12-AB4E-AE107B4CB2E4}.Release|Any CPU.Build.0 = Release|Any CPU
		{425EA306-8A34-4C03-BD07-390F960DE359}.Debug|Any CPU.ActiveCfg = Debug|Any CPU
		{425EA306-8A34-4C03-BD07-390F960DE359}.Debug|Any CPU.Build.0 = Debug|Any CPU
		{425EA306-8A34-4C03-BD07-390F960DE359}.Release|Any CPU.ActiveCfg = Release|Any CPU
		{425EA306-8A34-4C03-BD07-390F960DE359}.Release|Any CPU.Build.0 = Release|Any CPU
		{0B3A0999-5B4B-44C9-9060-401DEE10DCBB}.Debug|Any CPU.ActiveCfg = Debug|Any CPU
		{0B3A0999-5B4B-44C9-9060-401DEE10DCBB}.Debug|Any CPU.Build.0 = Debug|Any CPU
		{0B3A0999-5B4B-44C9-9060-401DEE10DCBB}.Release|Any CPU.ActiveCfg = Release|Any CPU
		{0B3A0999-5B4B-44C9-9060-401DEE10DCBB}.Release|Any CPU.Build.0 = Release|Any CPU
		{0D0EAA1C-6FB1-4610-B7C2-D5B0543A4831}.Debug|Any CPU.ActiveCfg = Debug|Any CPU
		{0D0EAA1C-6FB1-4610-B7C2-D5B0543A4831}.Debug|Any CPU.Build.0 = Debug|Any CPU
		{0D0EAA1C-6FB1-4610-B7C2-D5B0543A4831}.Release|Any CPU.ActiveCfg = Release|Any CPU
		{0D0EAA1C-6FB1-4610-B7C2-D5B0543A4831}.Release|Any CPU.Build.0 = Release|Any CPU
		{9454E26C-ED06-4C66-95A6-3714E9AB44FA}.Debug|Any CPU.ActiveCfg = Debug|Any CPU
		{9454E26C-ED06-4C66-95A6-3714E9AB44FA}.Debug|Any CPU.Build.0 = Debug|Any CPU
		{9454E26C-ED06-4C66-95A6-3714E9AB44FA}.Release|Any CPU.ActiveCfg = Release|Any CPU
		{9454E26C-ED06-4C66-95A6-3714E9AB44FA}.Release|Any CPU.Build.0 = Release|Any CPU
		{8A53935F-6E5E-4D13-AAC1-24111B74B301}.Debug|Any CPU.ActiveCfg = Debug|Any CPU
		{8A53935F-6E5E-4D13-AAC1-24111B74B301}.Debug|Any CPU.Build.0 = Debug|Any CPU
		{8A53935F-6E5E-4D13-AAC1-24111B74B301}.Release|Any CPU.ActiveCfg = Release|Any CPU
		{8A53935F-6E5E-4D13-AAC1-24111B74B301}.Release|Any CPU.Build.0 = Release|Any CPU
		{DEB9C1A6-C1CA-4E9B-A910-87210F25903D}.Debug|Any CPU.ActiveCfg = Debug|Any CPU
		{DEB9C1A6-C1CA-4E9B-A910-87210F25903D}.Debug|Any CPU.Build.0 = Debug|Any CPU
		{DEB9C1A6-C1CA-4E9B-A910-87210F25903D}.Release|Any CPU.ActiveCfg = Release|Any CPU
		{DEB9C1A6-C1CA-4E9B-A910-87210F25903D}.Release|Any CPU.Build.0 = Release|Any CPU
		{471B01B1-7851-447D-AF39-67B1B6DED9C5}.Debug|Any CPU.ActiveCfg = Debug|Any CPU
		{471B01B1-7851-447D-AF39-67B1B6DED9C5}.Debug|Any CPU.Build.0 = Debug|Any CPU
		{471B01B1-7851-447D-AF39-67B1B6DED9C5}.Release|Any CPU.ActiveCfg = Release|Any CPU
		{471B01B1-7851-447D-AF39-67B1B6DED9C5}.Release|Any CPU.Build.0 = Release|Any CPU
		{D01586BA-304D-4A3D-8FAC-C1B091EA9763}.Debug|Any CPU.ActiveCfg = Debug|Any CPU
		{D01586BA-304D-4A3D-8FAC-C1B091EA9763}.Debug|Any CPU.Build.0 = Debug|Any CPU
		{D01586BA-304D-4A3D-8FAC-C1B091EA9763}.Release|Any CPU.ActiveCfg = Release|Any CPU
		{D01586BA-304D-4A3D-8FAC-C1B091EA9763}.Release|Any CPU.Build.0 = Release|Any CPU
	EndGlobalSection
	GlobalSection(SolutionProperties) = preSolution
		HideSolutionNode = FALSE
	EndGlobalSection
	GlobalSection(NestedProjects) = preSolution
		{A28E7936-DDF5-40CF-83F6-FE6C8BD1E45A} = {DDB4EF12-CC4E-5E88-E6FC-71A802F4DE97}
		{ECE76DA8-BA31-4BDA-B4FE-3CD855D71609} = {20CED11B-CC8F-47FD-8480-F7C68C48DD94}
		{4E564B76-AFDC-42C1-B199-EE10F7FC0A91} = {52CBB1BB-504A-48EE-A1DB-E2B50C37EF71}
		{59AD8EB5-9A92-4D12-AB4E-AE107B4CB2E4} = {4E564B76-AFDC-42C1-B199-EE10F7FC0A91}
		{20CED11B-CC8F-47FD-8480-F7C68C48DD94} = {52CBB1BB-504A-48EE-A1DB-E2B50C37EF71}
		{425EA306-8A34-4C03-BD07-390F960DE359} = {EFCF3DBD-31F6-4278-8080-A7167BEAF915}
		{0B3A0999-5B4B-44C9-9060-401DEE10DCBB} = {EFCF3DBD-31F6-4278-8080-A7167BEAF915}
		{A39BF418-6887-49FE-9561-66591AABC38D} = {52CBB1BB-504A-48EE-A1DB-E2B50C37EF71}
		{0D0EAA1C-6FB1-4610-B7C2-D5B0543A4831} = {A39BF418-6887-49FE-9561-66591AABC38D}
		{9454E26C-ED06-4C66-95A6-3714E9AB44FA} = {4E564B76-AFDC-42C1-B199-EE10F7FC0A91}
		{8A53935F-6E5E-4D13-AAC1-24111B74B301} = {DBCE65E8-7B82-4084-9393-96212C7DB3C2}
		{8CF89330-C745-4847-9B40-B7602B664C72} = {DBCE65E8-7B82-4084-9393-96212C7DB3C2}
		{DEB9C1A6-C1CA-4E9B-A910-87210F25903D} = {8CF89330-C745-4847-9B40-B7602B664C72}
		{471B01B1-7851-447D-AF39-67B1B6DED9C5} = {DBCE65E8-7B82-4084-9393-96212C7DB3C2}
		{D01586BA-304D-4A3D-8FAC-C1B091EA9763} = {8CF89330-C745-4847-9B40-B7602B664C72}
	EndGlobalSection
	GlobalSection(ExtensibilityGlobals) = postSolution
		SolutionGuid = {8B515789-ED92-4DD8-A291-1B58A9F598CA}
	EndGlobalSection
EndGlobal
