
Microsoft Visual Studio Solution File, Format Version 12.00
# Visual Studio Version 17
VisualStudioVersion = 17.13.35825.156
MinimumVisualStudioVersion = 10.0.40219.1
Project("{2150E333-8FDC-42A3-9474-1A3956D46DE8}") = "Chapter01", "Chapter01", "{DDB4EF12-CC4E-5E88-E6FC-71A802F4DE97}"
EndProject
Project("{FAE04EC0-301F-11D3-BF4B-00C04F79EFBC}") = "ProductSample", "Chapter01\ProductSample\ProductSample.csproj", "{A28E7936-DDF5-40CF-83F6-FE6C8BD1E45A}"
EndProject
Project("{2150E333-8FDC-42A3-9474-1A3956D46DE8}") = "Chapter02", "Chapter02", "{52CBB1BB-504A-48EE-A1DB-E2B50C37EF71}"
EndProject
Project("{FAE04EC0-301F-11D3-BF4B-00C04F79EFBC}") = "DistanceConverter", "Chapter02\DistanceConverter\DistanceConverter.csproj", "{ECE76DA8-BA31-4BDA-B4FE-3CD855D71609}"
EndProject
Project("{2150E333-8FDC-42A3-9474-1A3956D46DE8}") = "演習問題", "演習問題", "{4E564B76-AFDC-42C1-B199-EE10F7FC0A91}"
EndProject
Project("{FAE04EC0-301F-11D3-BF4B-00C04F79EFBC}") = "Exercise02", "Chapter02\演習問題\Exercise02\Exercise02.csproj", "{59AD8EB5-9A92-4D12-AB4E-AE107B4CB2E4}"
EndProject
Project("{2150E333-8FDC-42A3-9474-1A3956D46DE8}") = "FormApps", "FormApps", "{EFCF3DBD-31F6-4278-8080-A7167BEAF915}"
EndProject
Project("{2150E333-8FDC-42A3-9474-1A3956D46DE8}") = "距離換算プログラム", "距離換算プログラム", "{20CED11B-CC8F-47FD-8480-F7C68C48DD94}"
EndProject
Project("{FAE04EC0-301F-11D3-BF4B-00C04F79EFBC}") = "UnitConverter", "FormApps\UnitConverter\UnitConverter.csproj", "{425EA306-8A34-4C03-BD07-390F960DE359}"
EndProject
Project("{FAE04EC0-301F-11D3-BF4B-00C04F79EFBC}") = "StopWatch", "FormApps\StopWatch\StopWatch.csproj", "{0B3A0999-5B4B-44C9-9060-401DEE10DCBB}"
EndProject
Project("{2150E333-8FDC-42A3-9474-1A3956D46DE8}") = "売上集計プログラム", "売上集計プログラム", "{A39BF418-6887-49FE-9561-66591AABC38D}"
EndProject
Project("{FAE04EC0-301F-11D3-BF4B-00C04F79EFBC}") = "salesCalculator", "Chapter02\salesCalculator\salesCalculator.csproj", "{0D0EAA1C-6FB1-4610-B7C2-D5B0543A4831}"
EndProject
Project("{FAE04EC0-301F-11D3-BF4B-00C04F79EFBC}") = "Exercise01", "Chapter02\演習問題\Exercise01\Exercise01.csproj", "{9454E26C-ED06-4C66-95A6-3714E9AB44FA}"
EndProject
Project("{2150E333-8FDC-42A3-9474-1A3956D46DE8}") = "Chapter03", "Chapter03", "{DBCE65E8-7B82-4084-9393-96212C7DB3C2}"
EndProject
Project("{FAE04EC0-301F-11D3-BF4B-00C04F79EFBC}") = "Section01", "Chapter03\Section01\Section01.csproj", "{8A53935F-6E5E-4D13-AAC1-24111B74B301}"
EndProject
Project("{2150E333-8FDC-42A3-9474-1A3956D46DE8}") = "演習問題", "演習問題", "{8CF89330-C745-4847-9B40-B7602B664C72}"
EndProject
Project("{FAE04EC0-301F-11D3-BF4B-00C04F79EFBC}") = "Exercise02", "Chapter03\演習問題\Exercise02\Exercise02.csproj", "{DEB9C1A6-C1CA-4E9B-A910-87210F25903D}"
EndProject
Project("{FAE04EC0-301F-11D3-BF4B-00C04F79EFBC}") = "Section04", "Chapter03\Section04\Section04\Section04.csproj", "{471B01B1-7851-447D-AF39-67B1B6DED9C5}"
EndProject
Project("{FAE04EC0-301F-11D3-BF4B-00C04F79EFBC}") = "Exercise01", "Chapter03\演習問題\Exercise01\Exercise01.csproj", "{D01586BA-304D-4A3D-8FAC-C1B091EA9763}"
EndProject
Project("{2150E333-8FDC-42A3-9474-1A3956D46DE8}") = "Chapter04", "Chapter04", "{3F255FE0-4F97-4B6B-AF4A-38A06A05F1C4}"
EndProject
Project("{FAE04EC0-301F-11D3-BF4B-00C04F79EFBC}") = "Section04", "Chapter04\Section04\Section04.csproj", "{9D6B0B7D-4281-4A7C-B873-906F7CEA1C32}"
EndProject
Project("{2150E333-8FDC-42A3-9474-1A3956D46DE8}") = "演習問題", "演習問題", "{FADCD2F5-C540-4F9E-AAEA-2E681E455788}"
EndProject
Project("{FAE04EC0-301F-11D3-BF4B-00C04F79EFBC}") = "Exercise01", "Chapter04\演習問題\Exercise01\Exercise01.csproj", "{47792223-BB8E-47BC-9636-850E9A8C118A}"
EndProject
Project("{FAE04EC0-301F-11D3-BF4B-00C04F79EFBC}") = "Exercise02", "Chapter04\演習問題\Exercise02\Exercise02.csproj", "{977D613A-1F13-4C4F-AA07-902D535366E5}"
EndProject
Project("{2150E333-8FDC-42A3-9474-1A3956D46DE8}") = "LINQ", "LINQ", "{C6DA7313-53A7-4C21-9641-E54ABB6FF339}"
EndProject
Project("{FAE04EC0-301F-11D3-BF4B-00C04F79EFBC}") = "LinqSample", "LINQ\LinqSample\LinqSample.csproj", "{12B91C3A-4F88-4116-857B-EFD4C2613089}"
EndProject
Project("{2150E333-8FDC-42A3-9474-1A3956D46DE8}") = "Chapter07", "Chapter07", "{5279E241-0C65-4369-AE78-1BF6E1A7D824}"
EndProject
Project("{2150E333-8FDC-42A3-9474-1A3956D46DE8}") = "演習問題", "演習問題", "{ACFACCFF-3DB6-4DD6-B0C0-9A8B1B932FF4}"
EndProject
Project("{FAE04EC0-301F-11D3-BF4B-00C04F79EFBC}") = "Exercise01", "Chapter07\演習問題\Exercise01\Exercise01.csproj", "{CC3CE78F-113E-46CC-B1F3-75D807D2F559}"
EndProject
Project("{FAE04EC0-301F-11D3-BF4B-00C04F79EFBC}") = "Section01", "Chapter07\Section01\Section01.csproj", "{2987448B-884F-42BF-8C98-D80D94B65874}"
EndProject
Project("{FAE04EC0-301F-11D3-BF4B-00C04F79EFBC}") = "Section05", "Chapter07\Section05\Section05.csproj", "{845EEF6F-F85D-4601-B20E-125C504B1895}"
EndProject
Project("{FAE04EC0-301F-11D3-BF4B-00C04F79EFBC}") = "Exercise02", "Chapter07\演習問題\Exercise02\Exercise02.csproj", "{21E850C4-5DAC-47E6-8F5E-166D36557ED1}"
EndProject
Project("{2150E333-8FDC-42A3-9474-1A3956D46DE8}") = "Chapter06", "Chapter06", "{4D024D94-D093-45EB-AD72-C8BD94CF450A}"
EndProject
Project("{FAE04EC0-301F-11D3-BF4B-00C04F79EFBC}") = "Section01", "Chapter06\Section01\Section01.csproj", "{C63F1E6A-9034-4243-A036-FDAF12004D41}"
EndProject
Project("{2150E333-8FDC-42A3-9474-1A3956D46DE8}") = "演習問題", "演習問題", "{7B009981-17AA-4C79-88E9-CBC47A080A5C}"
EndProject
Project("{FAE04EC0-301F-11D3-BF4B-00C04F79EFBC}") = "Exercise01", "Chapter06\演習問題\Exercise01\Exercise01.csproj", "{F84BA1CC-EFB9-467D-A161-46888C73C987}"
EndProject
Project("{FAE04EC0-301F-11D3-BF4B-00C04F79EFBC}") = "Exercise03", "Chapter06\演習問題\Exercise03\Exercise03.csproj", "{E2B6E93F-E3EA-4E48-BDE0-3B43F87A62FB}"
EndProject
Project("{FAE04EC0-301F-11D3-BF4B-00C04F79EFBC}") = "Exercise04", "Chapter06\演習問題\Exercise04\Exercise04.csproj", "{08AA7F90-94FB-46F7-9E4E-A2E95F8851B4}"
EndProject
Project("{FAE04EC0-301F-11D3-BF4B-00C04F79EFBC}") = "Exercise02", "Chapter06\演習問題\Exercise02\Exercise02.csproj", "{6B371466-EFD8-4D9A-9E7F-2EFD6D6D9625}"
EndProject
Project("{FAE04EC0-301F-11D3-BF4B-00C04F79EFBC}") = "Section03", "Chapter06\Section03\Section03.csproj", "{B7CA230C-079B-4BBF-BA94-84A03962BC7C}"
EndProject
Project("{2150E333-8FDC-42A3-9474-1A3956D46DE8}") = "Chapter05", "Chapter05", "{6B45F2E0-4747-4B0C-82FF-E1226907BF4D}"
EndProject
Project("{2150E333-8FDC-42A3-9474-1A3956D46DE8}") = "演習問題", "演習問題", "{B110BE1E-1E9D-4D33-93AE-2CCE95508B13}"
EndProject
Project("{FAE04EC0-301F-11D3-BF4B-00C04F79EFBC}") = "Section01", "Chapter05\Section01\Section01.csproj", "{379E48B7-76D4-4664-AECE-2428680AA300}"
EndProject
Project("{FAE04EC0-301F-11D3-BF4B-00C04F79EFBC}") = "Section02", "Chapter05\Section02\Section02.csproj", "{EC96D5D5-952E-49C1-A726-4FE58B30F6DF}"
EndProject
Project("{FAE04EC0-301F-11D3-BF4B-00C04F79EFBC}") = "Exercise01", "Chapter05\演習問題\Exercise01\Exercise01.csproj", "{A7700903-43C9-4938-B2E8-A0D66185AD72}"
EndProject
Project("{FAE04EC0-301F-11D3-BF4B-00C04F79EFBC}") = "Exercise02", "Chapter05\演習問題\Exercise02\Exercise02.csproj", "{259833AB-CEBB-4F84-B6D9-D2A6F31BA100}"
EndProject
Project("{2150E333-8FDC-42A3-9474-1A3956D46DE8}") = "Chapter08", "Chapter08", "{522139DE-04A9-49F1-812E-0DE6A6557B60}"
EndProject
Project("{2150E333-8FDC-42A3-9474-1A3956D46DE8}") = "演習問題", "演習問題", "{7051C439-9980-46A6-8A95-51416C20DB87}"
EndProject
Project("{FAE04EC0-301F-11D3-BF4B-00C04F79EFBC}") = "Exercise01", "Chapter08\演習問題\Exercise01\Exercise01.csproj", "{AE22AAD1-568D-4EA1-83D1-9CD9F419D282}"
EndProject
Project("{FAE04EC0-301F-11D3-BF4B-00C04F79EFBC}") = "PrefCapitalLocationSystem", "Chapter08\PrefCapitalLocationSystem\PrefCapitalLocationSystem.csproj", "{BA3B5C5E-D6A4-39ED-6760-036CDB62E249}"
EndProject
Project("{FAE04EC0-301F-11D3-BF4B-00C04F79EFBC}") = "Section03", "Chapter08\Section03\Section03.csproj", "{58F84BB3-1354-4679-9E20-5DAB7A26ED36}"
EndProject
Project("{FAE04EC0-301F-11D3-BF4B-00C04F79EFBC}") = "Exercise02", "Chapter08\演習問題\Exercise02\Exercise02.csproj", "{9F442BD0-5C84-4D73-B1E8-4CB272DD3BC1}"
EndProject
Project("{2150E333-8FDC-42A3-9474-1A3956D46DE8}") = "Test01", "Test01", "{4AF8DB71-5721-41A0-B4A2-024BF03FB84F}"
EndProject
Project("{FAE04EC0-301F-11D3-BF4B-00C04F79EFBC}") = "Test01", "Test01\Test01\Test01.csproj", "{6EF7678A-A725-F430-3097-30F090C0100A}"
EndProject
Project("{FAE04EC0-301F-11D3-BF4B-00C04F79EFBC}") = "Test02", "Test01\Test02\Test02.csproj", "{010D0C11-D6A2-3CA6-3281-4E0FD547EC2D}"
EndProject
Project("{2150E333-8FDC-42A3-9474-1A3956D46DE8}") = "Chapter09", "Chapter09", "{05340E4C-B239-4AFF-B563-55BBD35D67DE}"
EndProject
Project("{FAE04EC0-301F-11D3-BF4B-00C04F79EFBC}") = "Section01", "Chapter09\Section01\Section01.csproj", "{A91A8D7F-2CB9-4F6D-83AF-D83CD7F9F9C0}"
EndProject
Project("{2150E333-8FDC-42A3-9474-1A3956D46DE8}") = "演習問題", "演習問題", "{CDC61BE6-BD70-42DA-9780-B4EFD46E6C70}"
EndProject
Project("{FAE04EC0-301F-11D3-BF4B-00C04F79EFBC}") = "Exercise01", "Chapter09\演習問題\Exercise01\Exercise01.csproj", "{374DD624-8113-4710-ABE0-7F1F2DB916D1}"
EndProject
Project("{FAE04EC0-301F-11D3-BF4B-00C04F79EFBC}") = "Exercise02", "Chapter09\演習問題\Exercise02\Exercise02.csproj", "{23DC7BE0-1490-4502-9115-B9BC1264FEBC}"
EndProject
Project("{FAE04EC0-301F-11D3-BF4B-00C04F79EFBC}") = "Exercise03", "Chapter09\演習問題\Exercise03\Exercise03.csproj", "{D8508F19-F968-4B41-98D5-CEAD43A5A1F2}"
EndProject
Project("{FAE04EC0-301F-11D3-BF4B-00C04F79EFBC}") = "CarReportSystem", "FormApps\CarReportSystem\CarReportSystem.csproj", "{5FF5D4ED-F0FF-4B0A-AA18-D34691B991D4}"
EndProject
Project("{2150E333-8FDC-42A3-9474-1A3956D46DE8}") = "Chapter12", "Chapter12", "{52708A1C-B2F4-4B8A-8EB8-CDCACB2235F4}"
EndProject
Project("{2150E333-8FDC-42A3-9474-1A3956D46DE8}") = "演習問題", "演習問題", "{537044CA-A147-4D36-AE57-E9EA7380E7D6}"
EndProject
Project("{FAE04EC0-301F-11D3-BF4B-00C04F79EFBC}") = "Section01", "Chapter12\Section01\Section01.csproj", "{CAC62E6B-41B8-4CE0-95FF-CAD472FEDF3E}"
EndProject
Project("{FAE04EC0-301F-11D3-BF4B-00C04F79EFBC}") = "Exercise01", "Chapter12\演習問題\Exercise01\Exercise01.csproj", "{F6E1E91C-3A01-4D93-B24E-831A615CA557}"
EndProject
Project("{FAE04EC0-301F-11D3-BF4B-00C04F79EFBC}") = "Exercise02", "Chapter12\演習問題\Exercise02\Exercise02.csproj", "{F01C3B69-9D05-4BEF-26EB-57BAD926097B}"
EndProject
Project("{FAE04EC0-301F-11D3-BF4B-00C04F79EFBC}") = "Exercise03", "Chapter12\演習問題\Exercise03\Exercise03.csproj", "{414DFFD5-4A0F-DD91-933A-D9585859A325}"
EndProject
Project("{FAE04EC0-301F-11D3-BF4B-00C04F79EFBC}") = "RssReader", "FormApps\RssReader\RssReader.csproj", "{B42BFF64-3D3D-4ACD-9042-1C07747C7707}"
EndProject
Project("{2150E333-8FDC-42A3-9474-1A3956D46DE8}") = "Chapter11", "Chapter11", "{0B0138AC-BEE8-4F99-B0E5-3D1810E0F907}"
EndProject
Project("{FAE04EC0-301F-11D3-BF4B-00C04F79EFBC}") = "Section02", "Chapter11\Section02\Section02.csproj", "{3F905A9D-CC9D-40C9-925A-8B3DB87AC3B6}"
EndProject
Project("{2150E333-8FDC-42A3-9474-1A3956D46DE8}") = "演習問題", "演習問題", "{C820B8A7-8EE2-4159-A5DB-883A5D7F7A4F}"
EndProject
Project("{FAE04EC0-301F-11D3-BF4B-00C04F79EFBC}") = "Exercise01", "Chapter11\演習問題\Exercise01\Exercise01.csproj", "{C7E65823-F280-4041-9A3F-8225C30F052C}"
EndProject
Project("{FAE04EC0-301F-11D3-BF4B-00C04F79EFBC}") = "Exercise02", "Chapter11\演習問題\Exercise02\Exercise02.csproj", "{EAA5B125-6658-406F-A5C6-52957FF77A53}"
EndProject
Project("{FAE04EC0-301F-11D3-BF4B-00C04F79EFBC}") = "Section03", "Chapter11\Section03\Section03.csproj", "{2AC0C571-D884-43FA-8BCE-A499881068F0}"
EndProject
Project("{FAE04EC0-301F-11D3-BF4B-00C04F79EFBC}") = "Exercise03", "Chapter11\演習問題\Exercise03\Exercise03.csproj", "{9BBA775D-772B-4735-8C21-709B5E0B5B58}"
EndProject
Project("{FAE04EC0-301F-11D3-BF4B-00C04F79EFBC}") = "Section04", "Chapter11\Section04\Section04.csproj", "{CA06CB6E-ABDA-4AB6-B9BA-515CBC57EF1E}"
EndProject
Project("{FAE04EC0-301F-11D3-BF4B-00C04F79EFBC}") = "Exercise04", "Chapter11\演習問題\Exercise04\Exercise04.csproj", "{FB0459A5-E087-4A65-8730-CB8B8BDAB244}"
EndProject
Project("{FAE04EC0-301F-11D3-BF4B-00C04F79EFBC}") = "Exercise05", "Chapter11\演習問題\Exercise05\Exercise05.csproj", "{02A03B82-AE86-4381-B573-A63BD67F1098}"
EndProject
Project("{2150E333-8FDC-42A3-9474-1A3956D46DE8}") = "WPF", "WPF", "{1A262354-159A-4244-BBB3-32A9A8FB1741}"
EndProject
Project("{FAE04EC0-301F-11D3-BF4B-00C04F79EFBC}") = "SampleApplication", "WPF\SampleApplication\SampleApplication.csproj", "{1B1D2E08-7B99-41BA-BBAF-BFA076B17318}"
EndProject
Project("{FAE04EC0-301F-11D3-BF4B-00C04F79EFBC}") = "SampleSlider", "WPF\SampleSlider\SampleSlider.csproj", "{36FE7250-03AE-4D4B-9BCF-F071C1DE50CB}"
EndProject
Project("{FAE04EC0-301F-11D3-BF4B-00C04F79EFBC}") = "ColorChecker", "WPF\ColorChecker\ColorChecker.csproj", "{F9153F28-E223-40D3-9045-03FD214F6527}"
EndProject
Project("{FAE04EC0-301F-11D3-BF4B-00C04F79EFBC}") = "ConverterApp", "WPF\ConverterApp\ConverterApp.csproj", "{79FDF4B1-5DA4-4C5C-A900-42C24A11F4DC}"
EndProject
Project("{FAE04EC0-301F-11D3-BF4B-00C04F79EFBC}") = "HelloWorld", "WPF\HelloWorld\HelloWorld.csproj", "{3D4919F6-D516-4010-B045-C6837A81A2BE}"
EndProject
Project("{FAE04EC0-301F-11D3-BF4B-00C04F79EFBC}") = "PrismObservesSample", "WPF\PrismObservesSample\PrismObservesSample.csproj", "{AB60D0D9-ECEB-4F0A-83B8-C19829D56836}"
EndProject
Project("{FAE04EC0-301F-11D3-BF4B-00C04F79EFBC}") = "SampleUnitConverter", "WPF\SampleUnitConverter\SampleUnitConverter.csproj", "{11BDD4D1-BC2C-4E5A-95CF-6CA57C7F35AF}"
EndProject
Project("{2150E333-8FDC-42A3-9474-1A3956D46DE8}") = "SQLite", "SQLite", "{4851B582-E418-47A0-817F-2FC0A7D2891A}"
EndProject
Project("{FAE04EC0-301F-11D3-BF4B-00C04F79EFBC}") = "Sample", "SQLite\Sample\Sample.csproj", "{5C640143-CE03-43C9-A498-28B4D362F976}"
EndProject
Project("{FAE04EC0-301F-11D3-BF4B-00C04F79EFBC}") = "CustomerApp", "SQLite\CustomerApp\CustomerApp.csproj", "{5D3DBC96-2DB2-44FF-8475-440033949E5F}"
EndProject
Project("{2150E333-8FDC-42A3-9474-1A3956D46DE8}") = "Chapter13", "Chapter13", "{232DDD1B-AB53-4BDB-A9BA-3E69530232F9}"
EndProject
Project("{FAE04EC0-301F-11D3-BF4B-00C04F79EFBC}") = "Section01", "Chapter13\Section01\Section01.csproj", "{D7D63A07-809A-4D98-825B-6649DEB68F22}"
EndProject
Project("{2150E333-8FDC-42A3-9474-1A3956D46DE8}") = "演習問題", "演習問題", "{9B19FC02-EA00-46C2-8907-7ECB1159AA0A}"
EndProject
Project("{FAE04EC0-301F-11D3-BF4B-00C04F79EFBC}") = "Exercise01", "Chapter13\演習問題\Exercise01\Exercise01.csproj", "{10B42BA1-CB98-425F-A470-2913E6185A5D}"
EndProject
Project("{2150E333-8FDC-42A3-9474-1A3956D46DE8}") = "Chapter14", "Chapter14", "{60FBA3A2-9E6B-4D76-B07C-5E297F65C3E6}"
EndProject
Project("{FAE04EC0-301F-11D3-BF4B-00C04F79EFBC}") = "Section03", "Chapter14\Section03\Section03.csproj", "{D2DBB057-9B72-4F66-A79E-C6A521BF1FA5}"
EndProject
Project("{2150E333-8FDC-42A3-9474-1A3956D46DE8}") = "演習問題", "演習問題", "{E6D62E3C-E3B5-42E5-AA8F-76C1ED268794}"
EndProject
Project("{FAE04EC0-301F-11D3-BF4B-00C04F79EFBC}") = "Exercise01_WinForm", "Chapter14\演習問題\Exercise01_WinForm\Exercise01_WinForm.csproj", "{D5035B36-EE56-4D19-AAFE-227778B2AC21}"
EndProject
Project("{FAE04EC0-301F-11D3-BF4B-00C04F79EFBC}") = "Exercise01_Console", "Chapter14\演習問題\Exercise01_Console\Exercise01_Console.csproj", "{A62CFD27-A219-4A9F-BCD3-588C36A671B4}"
EndProject
Project("{FAE04EC0-301F-11D3-BF4B-00C04F79EFBC}") = "Exercise01_WPF", "Chapter14\演習問題\Exercise01_WPF\Exercise01_WPF.csproj", "{92933BA9-5E44-4368-9FE5-0643D10E1210}"
EndProject
Project("{FAE04EC0-301F-11D3-BF4B-00C04F79EFBC}") = "Section04", "Chapter14\Section04\Section04.csproj", "{33109489-A933-4241-A20B-C72BB1379BCE}"
EndProject
Project("{FAE04EC0-301F-11D3-BF4B-00C04F79EFBC}") = "WebBrowser", "Chapter14\WebBrowser\WebBrowser.csproj", "{6C97B972-CE09-4881-A2AF-46412B3F92DF}"
EndProject
Project("{FAE04EC0-301F-11D3-BF4B-00C04F79EFBC}") = "Section05", "Chapter14\Section05\Section05.csproj", "{7B30C036-6FB6-42E8-A8EE-BF6668FB8B5C}"
EndProject
Project("{2150E333-8FDC-42A3-9474-1A3956D46DE8}") = "Chapter10", "Chapter10", "{A16E9CDC-1F05-473D-BF52-EE76D290A658}"
EndProject
Project("{FAE04EC0-301F-11D3-BF4B-00C04F79EFBC}") = "Section01", "Chapter10\Section01\Section01.csproj", "{F6A5435D-B4F2-40A1-B5E5-D6703A8DA80D}"
EndProject
Project("{FAE04EC0-301F-11D3-BF4B-00C04F79EFBC}") = "Section02", "Chapter10\Section02\Section02.csproj", "{B064EFCB-5E5B-45F4-BA93-6606969D936A}"
EndProject
Project("{FAE04EC0-301F-11D3-BF4B-00C04F79EFBC}") = "Section03", "Chapter10\Section03\Section03.csproj", "{5FB5BE49-3B8C-4AC1-AEBF-A5CE7F1956EF}"
EndProject
Project("{2150E333-8FDC-42A3-9474-1A3956D46DE8}") = "Chapter15", "Chapter15", "{55085CFC-5343-4E6B-A30E-F0D229EDBF39}"
EndProject
Global
	GlobalSection(SolutionConfigurationPlatforms) = preSolution
		Debug|Any CPU = Debug|Any CPU
		Release|Any CPU = Release|Any CPU
	EndGlobalSection
	GlobalSection(ProjectConfigurationPlatforms) = postSolution
		{A28E7936-DDF5-40CF-83F6-FE6C8BD1E45A}.Debug|Any CPU.ActiveCfg = Debug|Any CPU
		{A28E7936-DDF5-40CF-83F6-FE6C8BD1E45A}.Debug|Any CPU.Build.0 = Debug|Any CPU
		{A28E7936-DDF5-40CF-83F6-FE6C8BD1E45A}.Release|Any CPU.ActiveCfg = Release|Any CPU
		{A28E7936-DDF5-40CF-83F6-FE6C8BD1E45A}.Release|Any CPU.Build.0 = Release|Any CPU
		{ECE76DA8-BA31-4BDA-B4FE-3CD855D71609}.Debug|Any CPU.ActiveCfg = Debug|Any CPU
		{ECE76DA8-BA31-4BDA-B4FE-3CD855D71609}.Debug|Any CPU.Build.0 = Debug|Any CPU
		{ECE76DA8-BA31-4BDA-B4FE-3CD855D71609}.Release|Any CPU.ActiveCfg = Release|Any CPU
		{ECE76DA8-BA31-4BDA-B4FE-3CD855D71609}.Release|Any CPU.Build.0 = Release|Any CPU
		{59AD8EB5-9A92-4D12-AB4E-AE107B4CB2E4}.Debug|Any CPU.ActiveCfg = Debug|Any CPU
		{59AD8EB5-9A92-4D12-AB4E-AE107B4CB2E4}.Debug|Any CPU.Build.0 = Debug|Any CPU
		{59AD8EB5-9A92-4D12-AB4E-AE107B4CB2E4}.Release|Any CPU.ActiveCfg = Release|Any CPU
		{59AD8EB5-9A92-4D12-AB4E-AE107B4CB2E4}.Release|Any CPU.Build.0 = Release|Any CPU
		{425EA306-8A34-4C03-BD07-390F960DE359}.Debug|Any CPU.ActiveCfg = Debug|Any CPU
		{425EA306-8A34-4C03-BD07-390F960DE359}.Debug|Any CPU.Build.0 = Debug|Any CPU
		{425EA306-8A34-4C03-BD07-390F960DE359}.Release|Any CPU.ActiveCfg = Release|Any CPU
		{425EA306-8A34-4C03-BD07-390F960DE359}.Release|Any CPU.Build.0 = Release|Any CPU
		{0B3A0999-5B4B-44C9-9060-401DEE10DCBB}.Debug|Any CPU.ActiveCfg = Debug|Any CPU
		{0B3A0999-5B4B-44C9-9060-401DEE10DCBB}.Debug|Any CPU.Build.0 = Debug|Any CPU
		{0B3A0999-5B4B-44C9-9060-401DEE10DCBB}.Release|Any CPU.ActiveCfg = Release|Any CPU
		{0B3A0999-5B4B-44C9-9060-401DEE10DCBB}.Release|Any CPU.Build.0 = Release|Any CPU
		{0D0EAA1C-6FB1-4610-B7C2-D5B0543A4831}.Debug|Any CPU.ActiveCfg = Debug|Any CPU
		{0D0EAA1C-6FB1-4610-B7C2-D5B0543A4831}.Debug|Any CPU.Build.0 = Debug|Any CPU
		{0D0EAA1C-6FB1-4610-B7C2-D5B0543A4831}.Release|Any CPU.ActiveCfg = Release|Any CPU
		{0D0EAA1C-6FB1-4610-B7C2-D5B0543A4831}.Release|Any CPU.Build.0 = Release|Any CPU
		{9454E26C-ED06-4C66-95A6-3714E9AB44FA}.Debug|Any CPU.ActiveCfg = Debug|Any CPU
		{9454E26C-ED06-4C66-95A6-3714E9AB44FA}.Debug|Any CPU.Build.0 = Debug|Any CPU
		{9454E26C-ED06-4C66-95A6-3714E9AB44FA}.Release|Any CPU.ActiveCfg = Release|Any CPU
		{9454E26C-ED06-4C66-95A6-3714E9AB44FA}.Release|Any CPU.Build.0 = Release|Any CPU
		{8A53935F-6E5E-4D13-AAC1-24111B74B301}.Debug|Any CPU.ActiveCfg = Debug|Any CPU
		{8A53935F-6E5E-4D13-AAC1-24111B74B301}.Debug|Any CPU.Build.0 = Debug|Any CPU
		{8A53935F-6E5E-4D13-AAC1-24111B74B301}.Release|Any CPU.ActiveCfg = Release|Any CPU
		{8A53935F-6E5E-4D13-AAC1-24111B74B301}.Release|Any CPU.Build.0 = Release|Any CPU
		{DEB9C1A6-C1CA-4E9B-A910-87210F25903D}.Debug|Any CPU.ActiveCfg = Debug|Any CPU
		{DEB9C1A6-C1CA-4E9B-A910-87210F25903D}.Debug|Any CPU.Build.0 = Debug|Any CPU
		{DEB9C1A6-C1CA-4E9B-A910-87210F25903D}.Release|Any CPU.ActiveCfg = Release|Any CPU
		{DEB9C1A6-C1CA-4E9B-A910-87210F25903D}.Release|Any CPU.Build.0 = Release|Any CPU
		{471B01B1-7851-447D-AF39-67B1B6DED9C5}.Debug|Any CPU.ActiveCfg = Debug|Any CPU
		{471B01B1-7851-447D-AF39-67B1B6DED9C5}.Debug|Any CPU.Build.0 = Debug|Any CPU
		{471B01B1-7851-447D-AF39-67B1B6DED9C5}.Release|Any CPU.ActiveCfg = Release|Any CPU
		{471B01B1-7851-447D-AF39-67B1B6DED9C5}.Release|Any CPU.Build.0 = Release|Any CPU
		{D01586BA-304D-4A3D-8FAC-C1B091EA9763}.Debug|Any CPU.ActiveCfg = Debug|Any CPU
		{D01586BA-304D-4A3D-8FAC-C1B091EA9763}.Debug|Any CPU.Build.0 = Debug|Any CPU
		{D01586BA-304D-4A3D-8FAC-C1B091EA9763}.Release|Any CPU.ActiveCfg = Release|Any CPU
		{D01586BA-304D-4A3D-8FAC-C1B091EA9763}.Release|Any CPU.Build.0 = Release|Any CPU
		{9D6B0B7D-4281-4A7C-B873-906F7CEA1C32}.Debug|Any CPU.ActiveCfg = Debug|Any CPU
		{9D6B0B7D-4281-4A7C-B873-906F7CEA1C32}.Debug|Any CPU.Build.0 = Debug|Any CPU
		{9D6B0B7D-4281-4A7C-B873-906F7CEA1C32}.Release|Any CPU.ActiveCfg = Release|Any CPU
		{9D6B0B7D-4281-4A7C-B873-906F7CEA1C32}.Release|Any CPU.Build.0 = Release|Any CPU
		{47792223-BB8E-47BC-9636-850E9A8C118A}.Debug|Any CPU.ActiveCfg = Debug|Any CPU
		{47792223-BB8E-47BC-9636-850E9A8C118A}.Debug|Any CPU.Build.0 = Debug|Any CPU
		{47792223-BB8E-47BC-9636-850E9A8C118A}.Release|Any CPU.ActiveCfg = Release|Any CPU
		{47792223-BB8E-47BC-9636-850E9A8C118A}.Release|Any CPU.Build.0 = Release|Any CPU
		{977D613A-1F13-4C4F-AA07-902D535366E5}.Debug|Any CPU.ActiveCfg = Debug|Any CPU
		{977D613A-1F13-4C4F-AA07-902D535366E5}.Debug|Any CPU.Build.0 = Debug|Any CPU
		{977D613A-1F13-4C4F-AA07-902D535366E5}.Release|Any CPU.ActiveCfg = Release|Any CPU
		{977D613A-1F13-4C4F-AA07-902D535366E5}.Release|Any CPU.Build.0 = Release|Any CPU
		{12B91C3A-4F88-4116-857B-EFD4C2613089}.Debug|Any CPU.ActiveCfg = Debug|Any CPU
		{12B91C3A-4F88-4116-857B-EFD4C2613089}.Debug|Any CPU.Build.0 = Debug|Any CPU
		{12B91C3A-4F88-4116-857B-EFD4C2613089}.Release|Any CPU.ActiveCfg = Release|Any CPU
		{12B91C3A-4F88-4116-857B-EFD4C2613089}.Release|Any CPU.Build.0 = Release|Any CPU
		{CC3CE78F-113E-46CC-B1F3-75D807D2F559}.Debug|Any CPU.ActiveCfg = Debug|Any CPU
		{CC3CE78F-113E-46CC-B1F3-75D807D2F559}.Debug|Any CPU.Build.0 = Debug|Any CPU
		{CC3CE78F-113E-46CC-B1F3-75D807D2F559}.Release|Any CPU.ActiveCfg = Release|Any CPU
		{CC3CE78F-113E-46CC-B1F3-75D807D2F559}.Release|Any CPU.Build.0 = Release|Any CPU
		{2987448B-884F-42BF-8C98-D80D94B65874}.Debug|Any CPU.ActiveCfg = Debug|Any CPU
		{2987448B-884F-42BF-8C98-D80D94B65874}.Debug|Any CPU.Build.0 = Debug|Any CPU
		{2987448B-884F-42BF-8C98-D80D94B65874}.Release|Any CPU.ActiveCfg = Release|Any CPU
		{2987448B-884F-42BF-8C98-D80D94B65874}.Release|Any CPU.Build.0 = Release|Any CPU
		{845EEF6F-F85D-4601-B20E-125C504B1895}.Debug|Any CPU.ActiveCfg = Debug|Any CPU
		{845EEF6F-F85D-4601-B20E-125C504B1895}.Debug|Any CPU.Build.0 = Debug|Any CPU
		{845EEF6F-F85D-4601-B20E-125C504B1895}.Release|Any CPU.ActiveCfg = Release|Any CPU
		{845EEF6F-F85D-4601-B20E-125C504B1895}.Release|Any CPU.Build.0 = Release|Any CPU
		{21E850C4-5DAC-47E6-8F5E-166D36557ED1}.Debug|Any CPU.ActiveCfg = Debug|Any CPU
		{21E850C4-5DAC-47E6-8F5E-166D36557ED1}.Debug|Any CPU.Build.0 = Debug|Any CPU
		{21E850C4-5DAC-47E6-8F5E-166D36557ED1}.Release|Any CPU.ActiveCfg = Release|Any CPU
		{21E850C4-5DAC-47E6-8F5E-166D36557ED1}.Release|Any CPU.Build.0 = Release|Any CPU
		{C63F1E6A-9034-4243-A036-FDAF12004D41}.Debug|Any CPU.ActiveCfg = Debug|Any CPU
		{C63F1E6A-9034-4243-A036-FDAF12004D41}.Debug|Any CPU.Build.0 = Debug|Any CPU
		{C63F1E6A-9034-4243-A036-FDAF12004D41}.Release|Any CPU.ActiveCfg = Release|Any CPU
		{C63F1E6A-9034-4243-A036-FDAF12004D41}.Release|Any CPU.Build.0 = Release|Any CPU
		{F84BA1CC-EFB9-467D-A161-46888C73C987}.Debug|Any CPU.ActiveCfg = Debug|Any CPU
		{F84BA1CC-EFB9-467D-A161-46888C73C987}.Debug|Any CPU.Build.0 = Debug|Any CPU
		{F84BA1CC-EFB9-467D-A161-46888C73C987}.Release|Any CPU.ActiveCfg = Release|Any CPU
		{F84BA1CC-EFB9-467D-A161-46888C73C987}.Release|Any CPU.Build.0 = Release|Any CPU
		{E2B6E93F-E3EA-4E48-BDE0-3B43F87A62FB}.Debug|Any CPU.ActiveCfg = Debug|Any CPU
		{E2B6E93F-E3EA-4E48-BDE0-3B43F87A62FB}.Debug|Any CPU.Build.0 = Debug|Any CPU
		{E2B6E93F-E3EA-4E48-BDE0-3B43F87A62FB}.Release|Any CPU.ActiveCfg = Release|Any CPU
		{E2B6E93F-E3EA-4E48-BDE0-3B43F87A62FB}.Release|Any CPU.Build.0 = Release|Any CPU
		{08AA7F90-94FB-46F7-9E4E-A2E95F8851B4}.Debug|Any CPU.ActiveCfg = Debug|Any CPU
		{08AA7F90-94FB-46F7-9E4E-A2E95F8851B4}.Debug|Any CPU.Build.0 = Debug|Any CPU
		{08AA7F90-94FB-46F7-9E4E-A2E95F8851B4}.Release|Any CPU.ActiveCfg = Release|Any CPU
		{08AA7F90-94FB-46F7-9E4E-A2E95F8851B4}.Release|Any CPU.Build.0 = Release|Any CPU
		{6B371466-EFD8-4D9A-9E7F-2EFD6D6D9625}.Debug|Any CPU.ActiveCfg = Debug|Any CPU
		{6B371466-EFD8-4D9A-9E7F-2EFD6D6D9625}.Debug|Any CPU.Build.0 = Debug|Any CPU
		{6B371466-EFD8-4D9A-9E7F-2EFD6D6D9625}.Release|Any CPU.ActiveCfg = Release|Any CPU
		{6B371466-EFD8-4D9A-9E7F-2EFD6D6D9625}.Release|Any CPU.Build.0 = Release|Any CPU
		{B7CA230C-079B-4BBF-BA94-84A03962BC7C}.Debug|Any CPU.ActiveCfg = Debug|Any CPU
		{B7CA230C-079B-4BBF-BA94-84A03962BC7C}.Debug|Any CPU.Build.0 = Debug|Any CPU
		{B7CA230C-079B-4BBF-BA94-84A03962BC7C}.Release|Any CPU.ActiveCfg = Release|Any CPU
		{B7CA230C-079B-4BBF-BA94-84A03962BC7C}.Release|Any CPU.Build.0 = Release|Any CPU
		{379E48B7-76D4-4664-AECE-2428680AA300}.Debug|Any CPU.ActiveCfg = Debug|Any CPU
		{379E48B7-76D4-4664-AECE-2428680AA300}.Debug|Any CPU.Build.0 = Debug|Any CPU
		{379E48B7-76D4-4664-AECE-2428680AA300}.Release|Any CPU.ActiveCfg = Release|Any CPU
		{379E48B7-76D4-4664-AECE-2428680AA300}.Release|Any CPU.Build.0 = Release|Any CPU
		{EC96D5D5-952E-49C1-A726-4FE58B30F6DF}.Debug|Any CPU.ActiveCfg = Debug|Any CPU
		{EC96D5D5-952E-49C1-A726-4FE58B30F6DF}.Debug|Any CPU.Build.0 = Debug|Any CPU
		{EC96D5D5-952E-49C1-A726-4FE58B30F6DF}.Release|Any CPU.ActiveCfg = Release|Any CPU
		{EC96D5D5-952E-49C1-A726-4FE58B30F6DF}.Release|Any CPU.Build.0 = Release|Any CPU
		{A7700903-43C9-4938-B2E8-A0D66185AD72}.Debug|Any CPU.ActiveCfg = Debug|Any CPU
		{A7700903-43C9-4938-B2E8-A0D66185AD72}.Debug|Any CPU.Build.0 = Debug|Any CPU
		{A7700903-43C9-4938-B2E8-A0D66185AD72}.Release|Any CPU.ActiveCfg = Release|Any CPU
		{A7700903-43C9-4938-B2E8-A0D66185AD72}.Release|Any CPU.Build.0 = Release|Any CPU
		{259833AB-CEBB-4F84-B6D9-D2A6F31BA100}.Debug|Any CPU.ActiveCfg = Debug|Any CPU
		{259833AB-CEBB-4F84-B6D9-D2A6F31BA100}.Debug|Any CPU.Build.0 = Debug|Any CPU
		{259833AB-CEBB-4F84-B6D9-D2A6F31BA100}.Release|Any CPU.ActiveCfg = Release|Any CPU
		{259833AB-CEBB-4F84-B6D9-D2A6F31BA100}.Release|Any CPU.Build.0 = Release|Any CPU
		{AE22AAD1-568D-4EA1-83D1-9CD9F419D282}.Debug|Any CPU.ActiveCfg = Debug|Any CPU
		{AE22AAD1-568D-4EA1-83D1-9CD9F419D282}.Debug|Any CPU.Build.0 = Debug|Any CPU
		{AE22AAD1-568D-4EA1-83D1-9CD9F419D282}.Release|Any CPU.ActiveCfg = Release|Any CPU
		{AE22AAD1-568D-4EA1-83D1-9CD9F419D282}.Release|Any CPU.Build.0 = Release|Any CPU
		{BA3B5C5E-D6A4-39ED-6760-036CDB62E249}.Debug|Any CPU.ActiveCfg = Debug|Any CPU
		{BA3B5C5E-D6A4-39ED-6760-036CDB62E249}.Debug|Any CPU.Build.0 = Debug|Any CPU
		{BA3B5C5E-D6A4-39ED-6760-036CDB62E249}.Release|Any CPU.ActiveCfg = Release|Any CPU
		{BA3B5C5E-D6A4-39ED-6760-036CDB62E249}.Release|Any CPU.Build.0 = Release|Any CPU
		{58F84BB3-1354-4679-9E20-5DAB7A26ED36}.Debug|Any CPU.ActiveCfg = Debug|Any CPU
		{58F84BB3-1354-4679-9E20-5DAB7A26ED36}.Debug|Any CPU.Build.0 = Debug|Any CPU
		{58F84BB3-1354-4679-9E20-5DAB7A26ED36}.Release|Any CPU.ActiveCfg = Release|Any CPU
		{58F84BB3-1354-4679-9E20-5DAB7A26ED36}.Release|Any CPU.Build.0 = Release|Any CPU
		{9F442BD0-5C84-4D73-B1E8-4CB272DD3BC1}.Debug|Any CPU.ActiveCfg = Debug|Any CPU
		{9F442BD0-5C84-4D73-B1E8-4CB272DD3BC1}.Debug|Any CPU.Build.0 = Debug|Any CPU
		{9F442BD0-5C84-4D73-B1E8-4CB272DD3BC1}.Release|Any CPU.ActiveCfg = Release|Any CPU
		{9F442BD0-5C84-4D73-B1E8-4CB272DD3BC1}.Release|Any CPU.Build.0 = Release|Any CPU
		{6EF7678A-A725-F430-3097-30F090C0100A}.Debug|Any CPU.ActiveCfg = Debug|Any CPU
		{6EF7678A-A725-F430-3097-30F090C0100A}.Debug|Any CPU.Build.0 = Debug|Any CPU
		{6EF7678A-A725-F430-3097-30F090C0100A}.Release|Any CPU.ActiveCfg = Release|Any CPU
		{6EF7678A-A725-F430-3097-30F090C0100A}.Release|Any CPU.Build.0 = Release|Any CPU
		{010D0C11-D6A2-3CA6-3281-4E0FD547EC2D}.Debug|Any CPU.ActiveCfg = Debug|Any CPU
		{010D0C11-D6A2-3CA6-3281-4E0FD547EC2D}.Debug|Any CPU.Build.0 = Debug|Any CPU
		{010D0C11-D6A2-3CA6-3281-4E0FD547EC2D}.Release|Any CPU.ActiveCfg = Release|Any CPU
		{010D0C11-D6A2-3CA6-3281-4E0FD547EC2D}.Release|Any CPU.Build.0 = Release|Any CPU
		{A91A8D7F-2CB9-4F6D-83AF-D83CD7F9F9C0}.Debug|Any CPU.ActiveCfg = Debug|Any CPU
		{A91A8D7F-2CB9-4F6D-83AF-D83CD7F9F9C0}.Debug|Any CPU.Build.0 = Debug|Any CPU
		{A91A8D7F-2CB9-4F6D-83AF-D83CD7F9F9C0}.Release|Any CPU.ActiveCfg = Release|Any CPU
		{A91A8D7F-2CB9-4F6D-83AF-D83CD7F9F9C0}.Release|Any CPU.Build.0 = Release|Any CPU
		{374DD624-8113-4710-ABE0-7F1F2DB916D1}.Debug|Any CPU.ActiveCfg = Debug|Any CPU
		{374DD624-8113-4710-ABE0-7F1F2DB916D1}.Debug|Any CPU.Build.0 = Debug|Any CPU
		{374DD624-8113-4710-ABE0-7F1F2DB916D1}.Release|Any CPU.ActiveCfg = Release|Any CPU
		{374DD624-8113-4710-ABE0-7F1F2DB916D1}.Release|Any CPU.Build.0 = Release|Any CPU
		{23DC7BE0-1490-4502-9115-B9BC1264FEBC}.Debug|Any CPU.ActiveCfg = Debug|Any CPU
		{23DC7BE0-1490-4502-9115-B9BC1264FEBC}.Debug|Any CPU.Build.0 = Debug|Any CPU
		{23DC7BE0-1490-4502-9115-B9BC1264FEBC}.Release|Any CPU.ActiveCfg = Release|Any CPU
		{23DC7BE0-1490-4502-9115-B9BC1264FEBC}.Release|Any CPU.Build.0 = Release|Any CPU
		{D8508F19-F968-4B41-98D5-CEAD43A5A1F2}.Debug|Any CPU.ActiveCfg = Debug|Any CPU
		{D8508F19-F968-4B41-98D5-CEAD43A5A1F2}.Debug|Any CPU.Build.0 = Debug|Any CPU
		{D8508F19-F968-4B41-98D5-CEAD43A5A1F2}.Release|Any CPU.ActiveCfg = Release|Any CPU
		{D8508F19-F968-4B41-98D5-CEAD43A5A1F2}.Release|Any CPU.Build.0 = Release|Any CPU
		{5FF5D4ED-F0FF-4B0A-AA18-D34691B991D4}.Debug|Any CPU.ActiveCfg = Debug|Any CPU
		{5FF5D4ED-F0FF-4B0A-AA18-D34691B991D4}.Debug|Any CPU.Build.0 = Debug|Any CPU
		{5FF5D4ED-F0FF-4B0A-AA18-D34691B991D4}.Release|Any CPU.ActiveCfg = Release|Any CPU
		{5FF5D4ED-F0FF-4B0A-AA18-D34691B991D4}.Release|Any CPU.Build.0 = Release|Any CPU
		{CAC62E6B-41B8-4CE0-95FF-CAD472FEDF3E}.Debug|Any CPU.ActiveCfg = Debug|Any CPU
		{CAC62E6B-41B8-4CE0-95FF-CAD472FEDF3E}.Debug|Any CPU.Build.0 = Debug|Any CPU
		{CAC62E6B-41B8-4CE0-95FF-CAD472FEDF3E}.Release|Any CPU.ActiveCfg = Release|Any CPU
		{CAC62E6B-41B8-4CE0-95FF-CAD472FEDF3E}.Release|Any CPU.Build.0 = Release|Any CPU
		{F6E1E91C-3A01-4D93-B24E-831A615CA557}.Debug|Any CPU.ActiveCfg = Debug|Any CPU
		{F6E1E91C-3A01-4D93-B24E-831A615CA557}.Debug|Any CPU.Build.0 = Debug|Any CPU
		{F6E1E91C-3A01-4D93-B24E-831A615CA557}.Release|Any CPU.ActiveCfg = Release|Any CPU
		{F6E1E91C-3A01-4D93-B24E-831A615CA557}.Release|Any CPU.Build.0 = Release|Any CPU
		{F01C3B69-9D05-4BEF-26EB-57BAD926097B}.Debug|Any CPU.ActiveCfg = Debug|Any CPU
		{F01C3B69-9D05-4BEF-26EB-57BAD926097B}.Debug|Any CPU.Build.0 = Debug|Any CPU
		{F01C3B69-9D05-4BEF-26EB-57BAD926097B}.Release|Any CPU.ActiveCfg = Release|Any CPU
		{F01C3B69-9D05-4BEF-26EB-57BAD926097B}.Release|Any CPU.Build.0 = Release|Any CPU
		{414DFFD5-4A0F-DD91-933A-D9585859A325}.Debug|Any CPU.ActiveCfg = Debug|Any CPU
		{414DFFD5-4A0F-DD91-933A-D9585859A325}.Debug|Any CPU.Build.0 = Debug|Any CPU
		{414DFFD5-4A0F-DD91-933A-D9585859A325}.Release|Any CPU.ActiveCfg = Release|Any CPU
		{414DFFD5-4A0F-DD91-933A-D9585859A325}.Release|Any CPU.Build.0 = Release|Any CPU
		{B42BFF64-3D3D-4ACD-9042-1C07747C7707}.Debug|Any CPU.ActiveCfg = Debug|Any CPU
		{B42BFF64-3D3D-4ACD-9042-1C07747C7707}.Debug|Any CPU.Build.0 = Debug|Any CPU
		{B42BFF64-3D3D-4ACD-9042-1C07747C7707}.Release|Any CPU.ActiveCfg = Release|Any CPU
		{B42BFF64-3D3D-4ACD-9042-1C07747C7707}.Release|Any CPU.Build.0 = Release|Any CPU
		{3F905A9D-CC9D-40C9-925A-8B3DB87AC3B6}.Debug|Any CPU.ActiveCfg = Debug|Any CPU
		{3F905A9D-CC9D-40C9-925A-8B3DB87AC3B6}.Debug|Any CPU.Build.0 = Debug|Any CPU
		{3F905A9D-CC9D-40C9-925A-8B3DB87AC3B6}.Release|Any CPU.ActiveCfg = Release|Any CPU
		{3F905A9D-CC9D-40C9-925A-8B3DB87AC3B6}.Release|Any CPU.Build.0 = Release|Any CPU
		{C7E65823-F280-4041-9A3F-8225C30F052C}.Debug|Any CPU.ActiveCfg = Debug|Any CPU
		{C7E65823-F280-4041-9A3F-8225C30F052C}.Debug|Any CPU.Build.0 = Debug|Any CPU
		{C7E65823-F280-4041-9A3F-8225C30F052C}.Release|Any CPU.ActiveCfg = Release|Any CPU
		{C7E65823-F280-4041-9A3F-8225C30F052C}.Release|Any CPU.Build.0 = Release|Any CPU
		{EAA5B125-6658-406F-A5C6-52957FF77A53}.Debug|Any CPU.ActiveCfg = Debug|Any CPU
		{EAA5B125-6658-406F-A5C6-52957FF77A53}.Debug|Any CPU.Build.0 = Debug|Any CPU
		{EAA5B125-6658-406F-A5C6-52957FF77A53}.Release|Any CPU.ActiveCfg = Release|Any CPU
		{EAA5B125-6658-406F-A5C6-52957FF77A53}.Release|Any CPU.Build.0 = Release|Any CPU
		{2AC0C571-D884-43FA-8BCE-A499881068F0}.Debug|Any CPU.ActiveCfg = Debug|Any CPU
		{2AC0C571-D884-43FA-8BCE-A499881068F0}.Debug|Any CPU.Build.0 = Debug|Any CPU
		{2AC0C571-D884-43FA-8BCE-A499881068F0}.Release|Any CPU.ActiveCfg = Release|Any CPU
		{2AC0C571-D884-43FA-8BCE-A499881068F0}.Release|Any CPU.Build.0 = Release|Any CPU
		{9BBA775D-772B-4735-8C21-709B5E0B5B58}.Debug|Any CPU.ActiveCfg = Debug|Any CPU
		{9BBA775D-772B-4735-8C21-709B5E0B5B58}.Debug|Any CPU.Build.0 = Debug|Any CPU
		{9BBA775D-772B-4735-8C21-709B5E0B5B58}.Release|Any CPU.ActiveCfg = Release|Any CPU
		{9BBA775D-772B-4735-8C21-709B5E0B5B58}.Release|Any CPU.Build.0 = Release|Any CPU
		{CA06CB6E-ABDA-4AB6-B9BA-515CBC57EF1E}.Debug|Any CPU.ActiveCfg = Debug|Any CPU
		{CA06CB6E-ABDA-4AB6-B9BA-515CBC57EF1E}.Debug|Any CPU.Build.0 = Debug|Any CPU
		{CA06CB6E-ABDA-4AB6-B9BA-515CBC57EF1E}.Release|Any CPU.ActiveCfg = Release|Any CPU
		{CA06CB6E-ABDA-4AB6-B9BA-515CBC57EF1E}.Release|Any CPU.Build.0 = Release|Any CPU
		{FB0459A5-E087-4A65-8730-CB8B8BDAB244}.Debug|Any CPU.ActiveCfg = Debug|Any CPU
		{FB0459A5-E087-4A65-8730-CB8B8BDAB244}.Debug|Any CPU.Build.0 = Debug|Any CPU
		{FB0459A5-E087-4A65-8730-CB8B8BDAB244}.Release|Any CPU.ActiveCfg = Release|Any CPU
		{FB0459A5-E087-4A65-8730-CB8B8BDAB244}.Release|Any CPU.Build.0 = Release|Any CPU
		{02A03B82-AE86-4381-B573-A63BD67F1098}.Debug|Any CPU.ActiveCfg = Debug|Any CPU
		{02A03B82-AE86-4381-B573-A63BD67F1098}.Debug|Any CPU.Build.0 = Debug|Any CPU
		{02A03B82-AE86-4381-B573-A63BD67F1098}.Release|Any CPU.ActiveCfg = Release|Any CPU
		{02A03B82-AE86-4381-B573-A63BD67F1098}.Release|Any CPU.Build.0 = Release|Any CPU
		{1B1D2E08-7B99-41BA-BBAF-BFA076B17318}.Debug|Any CPU.ActiveCfg = Debug|Any CPU
		{1B1D2E08-7B99-41BA-BBAF-BFA076B17318}.Debug|Any CPU.Build.0 = Debug|Any CPU
		{1B1D2E08-7B99-41BA-BBAF-BFA076B17318}.Release|Any CPU.ActiveCfg = Release|Any CPU
		{1B1D2E08-7B99-41BA-BBAF-BFA076B17318}.Release|Any CPU.Build.0 = Release|Any CPU
		{36FE7250-03AE-4D4B-9BCF-F071C1DE50CB}.Debug|Any CPU.ActiveCfg = Debug|Any CPU
		{36FE7250-03AE-4D4B-9BCF-F071C1DE50CB}.Debug|Any CPU.Build.0 = Debug|Any CPU
		{36FE7250-03AE-4D4B-9BCF-F071C1DE50CB}.Release|Any CPU.ActiveCfg = Release|Any CPU
		{36FE7250-03AE-4D4B-9BCF-F071C1DE50CB}.Release|Any CPU.Build.0 = Release|Any CPU
		{F9153F28-E223-40D3-9045-03FD214F6527}.Debug|Any CPU.ActiveCfg = Debug|Any CPU
		{F9153F28-E223-40D3-9045-03FD214F6527}.Debug|Any CPU.Build.0 = Debug|Any CPU
		{F9153F28-E223-40D3-9045-03FD214F6527}.Release|Any CPU.ActiveCfg = Release|Any CPU
		{F9153F28-E223-40D3-9045-03FD214F6527}.Release|Any CPU.Build.0 = Release|Any CPU
		{79FDF4B1-5DA4-4C5C-A900-42C24A11F4DC}.Debug|Any CPU.ActiveCfg = Debug|Any CPU
		{79FDF4B1-5DA4-4C5C-A900-42C24A11F4DC}.Debug|Any CPU.Build.0 = Debug|Any CPU
		{79FDF4B1-5DA4-4C5C-A900-42C24A11F4DC}.Release|Any CPU.ActiveCfg = Release|Any CPU
		{79FDF4B1-5DA4-4C5C-A900-42C24A11F4DC}.Release|Any CPU.Build.0 = Release|Any CPU
		{3D4919F6-D516-4010-B045-C6837A81A2BE}.Debug|Any CPU.ActiveCfg = Debug|Any CPU
		{3D4919F6-D516-4010-B045-C6837A81A2BE}.Debug|Any CPU.Build.0 = Debug|Any CPU
		{3D4919F6-D516-4010-B045-C6837A81A2BE}.Release|Any CPU.ActiveCfg = Release|Any CPU
		{3D4919F6-D516-4010-B045-C6837A81A2BE}.Release|Any CPU.Build.0 = Release|Any CPU
		{AB60D0D9-ECEB-4F0A-83B8-C19829D56836}.Debug|Any CPU.ActiveCfg = Debug|Any CPU
		{AB60D0D9-ECEB-4F0A-83B8-C19829D56836}.Debug|Any CPU.Build.0 = Debug|Any CPU
		{AB60D0D9-ECEB-4F0A-83B8-C19829D56836}.Release|Any CPU.ActiveCfg = Release|Any CPU
		{AB60D0D9-ECEB-4F0A-83B8-C19829D56836}.Release|Any CPU.Build.0 = Release|Any CPU
		{11BDD4D1-BC2C-4E5A-95CF-6CA57C7F35AF}.Debug|Any CPU.ActiveCfg = Debug|Any CPU
		{11BDD4D1-BC2C-4E5A-95CF-6CA57C7F35AF}.Debug|Any CPU.Build.0 = Debug|Any CPU
		{11BDD4D1-BC2C-4E5A-95CF-6CA57C7F35AF}.Release|Any CPU.ActiveCfg = Release|Any CPU
		{11BDD4D1-BC2C-4E5A-95CF-6CA57C7F35AF}.Release|Any CPU.Build.0 = Release|Any CPU
		{5C640143-CE03-43C9-A498-28B4D362F976}.Debug|Any CPU.ActiveCfg = Debug|Any CPU
		{5C640143-CE03-43C9-A498-28B4D362F976}.Debug|Any CPU.Build.0 = Debug|Any CPU
		{5C640143-CE03-43C9-A498-28B4D362F976}.Release|Any CPU.ActiveCfg = Release|Any CPU
		{5C640143-CE03-43C9-A498-28B4D362F976}.Release|Any CPU.Build.0 = Release|Any CPU
		{5D3DBC96-2DB2-44FF-8475-440033949E5F}.Debug|Any CPU.ActiveCfg = Debug|Any CPU
		{5D3DBC96-2DB2-44FF-8475-440033949E5F}.Debug|Any CPU.Build.0 = Debug|Any CPU
		{5D3DBC96-2DB2-44FF-8475-440033949E5F}.Release|Any CPU.ActiveCfg = Release|Any CPU
		{5D3DBC96-2DB2-44FF-8475-440033949E5F}.Release|Any CPU.Build.0 = Release|Any CPU
		{D7D63A07-809A-4D98-825B-6649DEB68F22}.Debug|Any CPU.ActiveCfg = Debug|Any CPU
		{D7D63A07-809A-4D98-825B-6649DEB68F22}.Debug|Any CPU.Build.0 = Debug|Any CPU
		{D7D63A07-809A-4D98-825B-6649DEB68F22}.Release|Any CPU.ActiveCfg = Release|Any CPU
		{D7D63A07-809A-4D98-825B-6649DEB68F22}.Release|Any CPU.Build.0 = Release|Any CPU
		{10B42BA1-CB98-425F-A470-2913E6185A5D}.Debug|Any CPU.ActiveCfg = Debug|Any CPU
		{10B42BA1-CB98-425F-A470-2913E6185A5D}.Debug|Any CPU.Build.0 = Debug|Any CPU
		{10B42BA1-CB98-425F-A470-2913E6185A5D}.Release|Any CPU.ActiveCfg = Release|Any CPU
		{10B42BA1-CB98-425F-A470-2913E6185A5D}.Release|Any CPU.Build.0 = Release|Any CPU
		{D2DBB057-9B72-4F66-A79E-C6A521BF1FA5}.Debug|Any CPU.ActiveCfg = Debug|Any CPU
		{D2DBB057-9B72-4F66-A79E-C6A521BF1FA5}.Debug|Any CPU.Build.0 = Debug|Any CPU
		{D2DBB057-9B72-4F66-A79E-C6A521BF1FA5}.Release|Any CPU.ActiveCfg = Release|Any CPU
		{D2DBB057-9B72-4F66-A79E-C6A521BF1FA5}.Release|Any CPU.Build.0 = Release|Any CPU
		{D5035B36-EE56-4D19-AAFE-227778B2AC21}.Debug|Any CPU.ActiveCfg = Debug|Any CPU
		{D5035B36-EE56-4D19-AAFE-227778B2AC21}.Debug|Any CPU.Build.0 = Debug|Any CPU
		{D5035B36-EE56-4D19-AAFE-227778B2AC21}.Release|Any CPU.ActiveCfg = Release|Any CPU
		{D5035B36-EE56-4D19-AAFE-227778B2AC21}.Release|Any CPU.Build.0 = Release|Any CPU
		{A62CFD27-A219-4A9F-BCD3-588C36A671B4}.Debug|Any CPU.ActiveCfg = Debug|Any CPU
		{A62CFD27-A219-4A9F-BCD3-588C36A671B4}.Debug|Any CPU.Build.0 = Debug|Any CPU
		{A62CFD27-A219-4A9F-BCD3-588C36A671B4}.Release|Any CPU.ActiveCfg = Release|Any CPU
		{A62CFD27-A219-4A9F-BCD3-588C36A671B4}.Release|Any CPU.Build.0 = Release|Any CPU
		{92933BA9-5E44-4368-9FE5-0643D10E1210}.Debug|Any CPU.ActiveCfg = Debug|Any CPU
		{92933BA9-5E44-4368-9FE5-0643D10E1210}.Debug|Any CPU.Build.0 = Debug|Any CPU
		{92933BA9-5E44-4368-9FE5-0643D10E1210}.Release|Any CPU.ActiveCfg = Release|Any CPU
		{92933BA9-5E44-4368-9FE5-0643D10E1210}.Release|Any CPU.Build.0 = Release|Any CPU
		{33109489-A933-4241-A20B-C72BB1379BCE}.Debug|Any CPU.ActiveCfg = Debug|Any CPU
		{33109489-A933-4241-A20B-C72BB1379BCE}.Debug|Any CPU.Build.0 = Debug|Any CPU
		{33109489-A933-4241-A20B-C72BB1379BCE}.Release|Any CPU.ActiveCfg = Release|Any CPU
		{33109489-A933-4241-A20B-C72BB1379BCE}.Release|Any CPU.Build.0 = Release|Any CPU
		{6C97B972-CE09-4881-A2AF-46412B3F92DF}.Debug|Any CPU.ActiveCfg = Debug|Any CPU
		{6C97B972-CE09-4881-A2AF-46412B3F92DF}.Debug|Any CPU.Build.0 = Debug|Any CPU
		{6C97B972-CE09-4881-A2AF-46412B3F92DF}.Release|Any CPU.ActiveCfg = Release|Any CPU
		{6C97B972-CE09-4881-A2AF-46412B3F92DF}.Release|Any CPU.Build.0 = Release|Any CPU
		{7B30C036-6FB6-42E8-A8EE-BF6668FB8B5C}.Debug|Any CPU.ActiveCfg = Debug|Any CPU
		{7B30C036-6FB6-42E8-A8EE-BF6668FB8B5C}.Debug|Any CPU.Build.0 = Debug|Any CPU
		{7B30C036-6FB6-42E8-A8EE-BF6668FB8B5C}.Release|Any CPU.ActiveCfg = Release|Any CPU
		{7B30C036-6FB6-42E8-A8EE-BF6668FB8B5C}.Release|Any CPU.Build.0 = Release|Any CPU
		{F6A5435D-B4F2-40A1-B5E5-D6703A8DA80D}.Debug|Any CPU.ActiveCfg = Debug|Any CPU
		{F6A5435D-B4F2-40A1-B5E5-D6703A8DA80D}.Debug|Any CPU.Build.0 = Debug|Any CPU
		{F6A5435D-B4F2-40A1-B5E5-D6703A8DA80D}.Release|Any CPU.ActiveCfg = Release|Any CPU
		{F6A5435D-B4F2-40A1-B5E5-D6703A8DA80D}.Release|Any CPU.Build.0 = Release|Any CPU
		{B064EFCB-5E5B-45F4-BA93-6606969D936A}.Debug|Any CPU.ActiveCfg = Debug|Any CPU
		{B064EFCB-5E5B-45F4-BA93-6606969D936A}.Debug|Any CPU.Build.0 = Debug|Any CPU
		{B064EFCB-5E5B-45F4-BA93-6606969D936A}.Release|Any CPU.ActiveCfg = Release|Any CPU
		{B064EFCB-5E5B-45F4-BA93-6606969D936A}.Release|Any CPU.Build.0 = Release|Any CPU
		{5FB5BE49-3B8C-4AC1-AEBF-A5CE7F1956EF}.Debug|Any CPU.ActiveCfg = Debug|Any CPU
		{5FB5BE49-3B8C-4AC1-AEBF-A5CE7F1956EF}.Debug|Any CPU.Build.0 = Debug|Any CPU
		{5FB5BE49-3B8C-4AC1-AEBF-A5CE7F1956EF}.Release|Any CPU.ActiveCfg = Release|Any CPU
		{5FB5BE49-3B8C-4AC1-AEBF-A5CE7F1956EF}.Release|Any CPU.Build.0 = Release|Any CPU
	EndGlobalSection
	GlobalSection(SolutionProperties) = preSolution
		HideSolutionNode = FALSE
	EndGlobalSection
	GlobalSection(NestedProjects) = preSolution
		{A28E7936-DDF5-40CF-83F6-FE6C8BD1E45A} = {DDB4EF12-CC4E-5E88-E6FC-71A802F4DE97}
		{ECE76DA8-BA31-4BDA-B4FE-3CD855D71609} = {20CED11B-CC8F-47FD-8480-F7C68C48DD94}
		{4E564B76-AFDC-42C1-B199-EE10F7FC0A91} = {52CBB1BB-504A-48EE-A1DB-E2B50C37EF71}
		{59AD8EB5-9A92-4D12-AB4E-AE107B4CB2E4} = {4E564B76-AFDC-42C1-B199-EE10F7FC0A91}
		{20CED11B-CC8F-47FD-8480-F7C68C48DD94} = {52CBB1BB-504A-48EE-A1DB-E2B50C37EF71}
		{425EA306-8A34-4C03-BD07-390F960DE359} = {EFCF3DBD-31F6-4278-8080-A7167BEAF915}
		{0B3A0999-5B4B-44C9-9060-401DEE10DCBB} = {EFCF3DBD-31F6-4278-8080-A7167BEAF915}
		{A39BF418-6887-49FE-9561-66591AABC38D} = {52CBB1BB-504A-48EE-A1DB-E2B50C37EF71}
		{0D0EAA1C-6FB1-4610-B7C2-D5B0543A4831} = {A39BF418-6887-49FE-9561-66591AABC38D}
		{9454E26C-ED06-4C66-95A6-3714E9AB44FA} = {4E564B76-AFDC-42C1-B199-EE10F7FC0A91}
		{8A53935F-6E5E-4D13-AAC1-24111B74B301} = {DBCE65E8-7B82-4084-9393-96212C7DB3C2}
		{8CF89330-C745-4847-9B40-B7602B664C72} = {DBCE65E8-7B82-4084-9393-96212C7DB3C2}
		{DEB9C1A6-C1CA-4E9B-A910-87210F25903D} = {8CF89330-C745-4847-9B40-B7602B664C72}
		{471B01B1-7851-447D-AF39-67B1B6DED9C5} = {DBCE65E8-7B82-4084-9393-96212C7DB3C2}
		{D01586BA-304D-4A3D-8FAC-C1B091EA9763} = {8CF89330-C745-4847-9B40-B7602B664C72}
		{9D6B0B7D-4281-4A7C-B873-906F7CEA1C32} = {3F255FE0-4F97-4B6B-AF4A-38A06A05F1C4}
		{FADCD2F5-C540-4F9E-AAEA-2E681E455788} = {3F255FE0-4F97-4B6B-AF4A-38A06A05F1C4}
		{47792223-BB8E-47BC-9636-850E9A8C118A} = {FADCD2F5-C540-4F9E-AAEA-2E681E455788}
		{977D613A-1F13-4C4F-AA07-902D535366E5} = {FADCD2F5-C540-4F9E-AAEA-2E681E455788}
		{12B91C3A-4F88-4116-857B-EFD4C2613089} = {C6DA7313-53A7-4C21-9641-E54ABB6FF339}
		{ACFACCFF-3DB6-4DD6-B0C0-9A8B1B932FF4} = {5279E241-0C65-4369-AE78-1BF6E1A7D824}
		{CC3CE78F-113E-46CC-B1F3-75D807D2F559} = {ACFACCFF-3DB6-4DD6-B0C0-9A8B1B932FF4}
		{2987448B-884F-42BF-8C98-D80D94B65874} = {5279E241-0C65-4369-AE78-1BF6E1A7D824}
		{845EEF6F-F85D-4601-B20E-125C504B1895} = {5279E241-0C65-4369-AE78-1BF6E1A7D824}
		{21E850C4-5DAC-47E6-8F5E-166D36557ED1} = {ACFACCFF-3DB6-4DD6-B0C0-9A8B1B932FF4}
		{C63F1E6A-9034-4243-A036-FDAF12004D41} = {4D024D94-D093-45EB-AD72-C8BD94CF450A}
		{7B009981-17AA-4C79-88E9-CBC47A080A5C} = {4D024D94-D093-45EB-AD72-C8BD94CF450A}
		{F84BA1CC-EFB9-467D-A161-46888C73C987} = {7B009981-17AA-4C79-88E9-CBC47A080A5C}
		{E2B6E93F-E3EA-4E48-BDE0-3B43F87A62FB} = {7B009981-17AA-4C79-88E9-CBC47A080A5C}
		{08AA7F90-94FB-46F7-9E4E-A2E95F8851B4} = {7B009981-17AA-4C79-88E9-CBC47A080A5C}
		{6B371466-EFD8-4D9A-9E7F-2EFD6D6D9625} = {7B009981-17AA-4C79-88E9-CBC47A080A5C}
		{B7CA230C-079B-4BBF-BA94-84A03962BC7C} = {4D024D94-D093-45EB-AD72-C8BD94CF450A}
		{B110BE1E-1E9D-4D33-93AE-2CCE95508B13} = {6B45F2E0-4747-4B0C-82FF-E1226907BF4D}
		{379E48B7-76D4-4664-AECE-2428680AA300} = {6B45F2E0-4747-4B0C-82FF-E1226907BF4D}
		{EC96D5D5-952E-49C1-A726-4FE58B30F6DF} = {6B45F2E0-4747-4B0C-82FF-E1226907BF4D}
		{A7700903-43C9-4938-B2E8-A0D66185AD72} = {B110BE1E-1E9D-4D33-93AE-2CCE95508B13}
		{259833AB-CEBB-4F84-B6D9-D2A6F31BA100} = {B110BE1E-1E9D-4D33-93AE-2CCE95508B13}
		{7051C439-9980-46A6-8A95-51416C20DB87} = {522139DE-04A9-49F1-812E-0DE6A6557B60}
		{AE22AAD1-568D-4EA1-83D1-9CD9F419D282} = {7051C439-9980-46A6-8A95-51416C20DB87}
		{BA3B5C5E-D6A4-39ED-6760-036CDB62E249} = {522139DE-04A9-49F1-812E-0DE6A6557B60}
		{58F84BB3-1354-4679-9E20-5DAB7A26ED36} = {522139DE-04A9-49F1-812E-0DE6A6557B60}
		{9F442BD0-5C84-4D73-B1E8-4CB272DD3BC1} = {7051C439-9980-46A6-8A95-51416C20DB87}
		{6EF7678A-A725-F430-3097-30F090C0100A} = {4AF8DB71-5721-41A0-B4A2-024BF03FB84F}
		{010D0C11-D6A2-3CA6-3281-4E0FD547EC2D} = {4AF8DB71-5721-41A0-B4A2-024BF03FB84F}
		{A91A8D7F-2CB9-4F6D-83AF-D83CD7F9F9C0} = {05340E4C-B239-4AFF-B563-55BBD35D67DE}
		{CDC61BE6-BD70-42DA-9780-B4EFD46E6C70} = {05340E4C-B239-4AFF-B563-55BBD35D67DE}
		{374DD624-8113-4710-ABE0-7F1F2DB916D1} = {CDC61BE6-BD70-42DA-9780-B4EFD46E6C70}
		{23DC7BE0-1490-4502-9115-B9BC1264FEBC} = {CDC61BE6-BD70-42DA-9780-B4EFD46E6C70}
		{D8508F19-F968-4B41-98D5-CEAD43A5A1F2} = {CDC61BE6-BD70-42DA-9780-B4EFD46E6C70}
		{5FF5D4ED-F0FF-4B0A-AA18-D34691B991D4} = {EFCF3DBD-31F6-4278-8080-A7167BEAF915}
		{537044CA-A147-4D36-AE57-E9EA7380E7D6} = {52708A1C-B2F4-4B8A-8EB8-CDCACB2235F4}
		{CAC62E6B-41B8-4CE0-95FF-CAD472FEDF3E} = {52708A1C-B2F4-4B8A-8EB8-CDCACB2235F4}
		{F6E1E91C-3A01-4D93-B24E-831A615CA557} = {537044CA-A147-4D36-AE57-E9EA7380E7D6}
		{F01C3B69-9D05-4BEF-26EB-57BAD926097B} = {537044CA-A147-4D36-AE57-E9EA7380E7D6}
		{414DFFD5-4A0F-DD91-933A-D9585859A325} = {537044CA-A147-4D36-AE57-E9EA7380E7D6}
		{B42BFF64-3D3D-4ACD-9042-1C07747C7707} = {EFCF3DBD-31F6-4278-8080-A7167BEAF915}
		{3F905A9D-CC9D-40C9-925A-8B3DB87AC3B6} = {0B0138AC-BEE8-4F99-B0E5-3D1810E0F907}
		{C820B8A7-8EE2-4159-A5DB-883A5D7F7A4F} = {0B0138AC-BEE8-4F99-B0E5-3D1810E0F907}
		{C7E65823-F280-4041-9A3F-8225C30F052C} = {C820B8A7-8EE2-4159-A5DB-883A5D7F7A4F}
		{EAA5B125-6658-406F-A5C6-52957FF77A53} = {C820B8A7-8EE2-4159-A5DB-883A5D7F7A4F}
		{2AC0C571-D884-43FA-8BCE-A499881068F0} = {0B0138AC-BEE8-4F99-B0E5-3D1810E0F907}
		{9BBA775D-772B-4735-8C21-709B5E0B5B58} = {C820B8A7-8EE2-4159-A5DB-883A5D7F7A4F}
		{CA06CB6E-ABDA-4AB6-B9BA-515CBC57EF1E} = {0B0138AC-BEE8-4F99-B0E5-3D1810E0F907}
		{FB0459A5-E087-4A65-8730-CB8B8BDAB244} = {C820B8A7-8EE2-4159-A5DB-883A5D7F7A4F}
		{02A03B82-AE86-4381-B573-A63BD67F1098} = {C820B8A7-8EE2-4159-A5DB-883A5D7F7A4F}
		{1B1D2E08-7B99-41BA-BBAF-BFA076B17318} = {1A262354-159A-4244-BBB3-32A9A8FB1741}
		{36FE7250-03AE-4D4B-9BCF-F071C1DE50CB} = {1A262354-159A-4244-BBB3-32A9A8FB1741}
		{F9153F28-E223-40D3-9045-03FD214F6527} = {1A262354-159A-4244-BBB3-32A9A8FB1741}
		{79FDF4B1-5DA4-4C5C-A900-42C24A11F4DC} = {1A262354-159A-4244-BBB3-32A9A8FB1741}
		{3D4919F6-D516-4010-B045-C6837A81A2BE} = {1A262354-159A-4244-BBB3-32A9A8FB1741}
		{AB60D0D9-ECEB-4F0A-83B8-C19829D56836} = {1A262354-159A-4244-BBB3-32A9A8FB1741}
		{11BDD4D1-BC2C-4E5A-95CF-6CA57C7F35AF} = {1A262354-159A-4244-BBB3-32A9A8FB1741}
		{5C640143-CE03-43C9-A498-28B4D362F976} = {4851B582-E418-47A0-817F-2FC0A7D2891A}
		{5D3DBC96-2DB2-44FF-8475-440033949E5F} = {4851B582-E418-47A0-817F-2FC0A7D2891A}
		{D7D63A07-809A-4D98-825B-6649DEB68F22} = {232DDD1B-AB53-4BDB-A9BA-3E69530232F9}
		{9B19FC02-EA00-46C2-8907-7ECB1159AA0A} = {232DDD1B-AB53-4BDB-A9BA-3E69530232F9}
		{10B42BA1-CB98-425F-A470-2913E6185A5D} = {9B19FC02-EA00-46C2-8907-7ECB1159AA0A}
		{D2DBB057-9B72-4F66-A79E-C6A521BF1FA5} = {60FBA3A2-9E6B-4D76-B07C-5E297F65C3E6}
		{E6D62E3C-E3B5-42E5-AA8F-76C1ED268794} = {60FBA3A2-9E6B-4D76-B07C-5E297F65C3E6}
		{D5035B36-EE56-4D19-AAFE-227778B2AC21} = {E6D62E3C-E3B5-42E5-AA8F-76C1ED268794}
		{A62CFD27-A219-4A9F-BCD3-588C36A671B4} = {E6D62E3C-E3B5-42E5-AA8F-76C1ED268794}
		{92933BA9-5E44-4368-9FE5-0643D10E1210} = {E6D62E3C-E3B5-42E5-AA8F-76C1ED268794}
		{33109489-A933-4241-A20B-C72BB1379BCE} = {60FBA3A2-9E6B-4D76-B07C-5E297F65C3E6}
		{6C97B972-CE09-4881-A2AF-46412B3F92DF} = {60FBA3A2-9E6B-4D76-B07C-5E297F65C3E6}
		{7B30C036-6FB6-42E8-A8EE-BF6668FB8B5C} = {60FBA3A2-9E6B-4D76-B07C-5E297F65C3E6}
		{F6A5435D-B4F2-40A1-B5E5-D6703A8DA80D} = {A16E9CDC-1F05-473D-BF52-EE76D290A658}
		{B064EFCB-5E5B-45F4-BA93-6606969D936A} = {A16E9CDC-1F05-473D-BF52-EE76D290A658}
		{5FB5BE49-3B8C-4AC1-AEBF-A5CE7F1956EF} = {A16E9CDC-1F05-473D-BF52-EE76D290A658}
	EndGlobalSection
	GlobalSection(ExtensibilityGlobals) = postSolution
		SolutionGuid = {8B515789-ED92-4DD8-A291-1B58A9F598CA}
	EndGlobalSection
EndGlobal
